{
  "object": {
    "pins": [
      {
        "package": "Observable",
        "repositoryURL": "https://github.com/cookednick/Observable.git",
        "state": {
          "branch": "main",
          "revision": "7756a3410a783bda02a6211683bdef4a2f322898",
          "version": null
        }
      }
    ]
  },
  "version": 1
}
