{
  "object": {
    "pins": [
      {
        "package": "Observable",
        "repositoryURL": "https://github.com/cookednick/Observable.git",
        "state": {
          "branch": "main",
          "revision": "641b5a4087b5ded7fcf6ae2bcfd8bcdae33c5563",
          "version": null
        }
      }
    ]
  },
  "version": 1
}
